// !$*UTF8*$!
{
	archiveVersion = 1;
	classes = {
	};
	objectVersion = 50;
	objects = {

/* Begin PBXBuildFile section */
		05691186261E5B9A00DAB710 /* CertificatesView.swift in Sources */ = {isa = PBXBuildFile; fileRef = 05691185261E5B9A00DAB710 /* CertificatesView.swift */; };
		05691189261E5BD400DAB710 /* BackCardView.swift in Sources */ = {isa = PBXBuildFile; fileRef = 05691188261E5BD400DAB710 /* BackCardView.swift */; };
		0569118C261E5C5000DAB710 /* TitleView.swift in Sources */ = {isa = PBXBuildFile; fileRef = 0569118B261E5C5000DAB710 /* TitleView.swift */; };
		0569118F261E5C7C00DAB710 /* CertificateCardView.swift in Sources */ = {isa = PBXBuildFile; fileRef = 0569118E261E5C7C00DAB710 /* CertificateCardView.swift */; };
		05691192261E5CAF00DAB710 /* BottomCardView.swift in Sources */ = {isa = PBXBuildFile; fileRef = 05691191261E5CAF00DAB710 /* BottomCardView.swift */; };
		05CC006E261D45B30094850D /* DesignCodeCourseApp.swift in Sources */ = {isa = PBXBuildFile; fileRef = 05CC006D261D45B30094850D /* DesignCodeCourseApp.swift */; };
		05CC0072261D45B50094850D /* Assets.xcassets in Resources */ = {isa = PBXBuildFile; fileRef = 05CC0071261D45B50094850D /* Assets.xcassets */; };
		05CC0075261D45B50094850D /* Preview Assets.xcassets in Resources */ = {isa = PBXBuildFile; fileRef = 05CC0074261D45B50094850D /* Preview Assets.xcassets */; };
/* End PBXBuildFile section */

/* Begin PBXFileReference section */
		05691185261E5B9A00DAB710 /* CertificatesView.swift */ = {isa = PBXFileReference; lastKnownFileType = sourcecode.swift; path = CertificatesView.swift; sourceTree = "<group>"; };
		05691188261E5BD400DAB710 /* BackCardView.swift */ = {isa = PBXFileReference; lastKnownFileType = sourcecode.swift; path = BackCardView.swift; sourceTree = "<group>"; };
		0569118B261E5C5000DAB710 /* TitleView.swift */ = {isa = PBXFileReference; lastKnownFileType = sourcecode.swift; path = TitleView.swift; sourceTree = "<group>"; };
		0569118E261E5C7C00DAB710 /* CertificateCardView.swift */ = {isa = PBXFileReference; lastKnownFileType = sourcecode.swift; path = CertificateCardView.swift; sourceTree = "<group>"; };
		05691191261E5CAF00DAB710 /* BottomCardView.swift */ = {isa = PBXFileReference; lastKnownFileType = sourcecode.swift; path = BottomCardView.swift; sourceTree = "<group>"; };
		05CC006A261D45B30094850D /* DesignCodeCourse.app */ = {isa = PBXFileReference; explicitFileType = wrapper.application; includeInIndex = 0; path = DesignCodeCourse.app; sourceTree = BUILT_PRODUCTS_DIR; };
		05CC006D261D45B30094850D /* DesignCodeCourseApp.swift */ = {isa = PBXFileReference; lastKnownFileType = sourcecode.swift; path = DesignCodeCourseApp.swift; sourceTree = "<group>"; };
		05CC0071261D45B50094850D /* Assets.xcassets */ = {isa = PBXFileReference; lastKnownFileType = folder.assetcatalog; path = Assets.xcassets; sourceTree = "<group>"; };
		05CC0074261D45B50094850D /* Preview Assets.xcassets */ = {isa = PBXFileReference; lastKnownFileType = folder.assetcatalog; path = "Preview Assets.xcassets"; sourceTree = "<group>"; };
		05CC0076261D45B50094850D /* Info.plist */ = {isa = PBXFileReference; lastKnownFileType = text.plist.xml; path = Info.plist; sourceTree = "<group>"; };
/* End PBXFileReference section */

/* Begin PBXFrameworksBuildPhase section */
		05CC0067261D45B30094850D /* Frameworks */ = {
			isa = PBXFrameworksBuildPhase;
			buildActionMask = 2147483647;
			files = (
			);
			runOnlyForDeploymentPostprocessing = 0;
		};
/* End PBXFrameworksBuildPhase section */

/* Begin PBXGroup section */
		05691183261E5B7300DAB710 /* UI */ = {
			isa = PBXGroup;
			children = (
				05691184261E5B7B00DAB710 /* Certificates */,
			);
			path = UI;
			sourceTree = "<group>";
		};
		05691184261E5B7B00DAB710 /* Certificates */ = {
			isa = PBXGroup;
			children = (
				05691185261E5B9A00DAB710 /* CertificatesView.swift */,
				05691188261E5BD400DAB710 /* BackCardView.swift */,
				0569118B261E5C5000DAB710 /* TitleView.swift */,
				0569118E261E5C7C00DAB710 /* CertificateCardView.swift */,
				05691191261E5CAF00DAB710 /* BottomCardView.swift */,
			);
			path = Certificates;
			sourceTree = "<group>";
		};
		05CC0061261D45B30094850D = {
			isa = PBXGroup;
			children = (
				05CC006C261D45B30094850D /* DesignCodeCourse */,
				05CC006B261D45B30094850D /* Products */,
			);
			sourceTree = "<group>";
		};
		05CC006B261D45B30094850D /* Products */ = {
			isa = PBXGroup;
			children = (
				05CC006A261D45B30094850D /* DesignCodeCourse.app */,
			);
			name = Products;
			sourceTree = "<group>";
		};
		05CC006C261D45B30094850D /* DesignCodeCourse */ = {
			isa = PBXGroup;
			children = (
				05691183261E5B7300DAB710 /* UI */,
				05CC006D261D45B30094850D /* DesignCodeCourseApp.swift */,
				05CC0071261D45B50094850D /* Assets.xcassets */,
				05CC0076261D45B50094850D /* Info.plist */,
				05CC0073261D45B50094850D /* Preview Content */,
			);
			path = DesignCodeCourse;
			sourceTree = "<group>";
		};
		05CC0073261D45B50094850D /* Preview Content */ = {
			isa = PBXGroup;
			children = (
				05CC0074261D45B50094850D /* Preview Assets.xcassets */,
			);
			path = "Preview Content";
			sourceTree = "<group>";
		};
/* End PBXGroup section */

/* Begin PBXNativeTarget section */
		05CC0069261D45B30094850D /* DesignCodeCourse */ = {
			isa = PBXNativeTarget;
			buildConfigurationList = 05CC0079261D45B50094850D /* Build configuration list for PBXNativeTarget "DesignCodeCourse" */;
			buildPhases = (
				05CC0066261D45B30094850D /* Sources */,
				05CC0067261D45B30094850D /* Frameworks */,
				05CC0068261D45B30094850D /* Resources */,
			);
			buildRules = (
			);
			dependencies = (
			);
			name = DesignCodeCourse;
			productName = DesignCodeCourse;
			productReference = 05CC006A261D45B30094850D /* DesignCodeCourse.app */;
			productType = "com.apple.product-type.application";
		};
/* End PBXNativeTarget section */

/* Begin PBXProject section */
		05CC0062261D45B30094850D /* Project object */ = {
			isa = PBXProject;
			attributes = {
				LastSwiftUpdateCheck = 1240;
				LastUpgradeCheck = 1240;
				TargetAttributes = {
					05CC0069261D45B30094850D = {
						CreatedOnToolsVersion = 12.4;
					};
				};
			};
			buildConfigurationList = 05CC0065261D45B30094850D /* Build configuration list for PBXProject "DesignCodeCourse" */;
			compatibilityVersion = "Xcode 9.3";
			developmentRegion = en;
			hasScannedForEncodings = 0;
			knownRegions = (
				en,
				Base,
			);
			mainGroup = 05CC0061261D45B30094850D;
			productRefGroup = 05CC006B261D45B30094850D /* Products */;
			projectDirPath = "";
			projectRoot = "";
			targets = (
				05CC0069261D45B30094850D /* DesignCodeCourse */,
			);
		};
/* End PBXProject section */

/* Begin PBXResourcesBuildPhase section */
		05CC0068261D45B30094850D /* Resources */ = {
			isa = PBXResourcesBuildPhase;
			buildActionMask = 2147483647;
			files = (
				05CC0075261D45B50094850D /* Preview Assets.xcassets in Resources */,
				05CC0072261D45B50094850D /* Assets.xcassets in Resources */,
			);
			runOnlyForDeploymentPostprocessing = 0;
		};
/* End PBXResourcesBuildPhase section */

/* Begin PBXSourcesBuildPhase section */
		05CC0066261D45B30094850D /* Sources */ = {
			isa = PBXSourcesBuildPhase;
			buildActionMask = 2147483647;
			files = (
				0569118F261E5C7C00DAB710 /* CertificateCardView.swift in Sources */,
				05691192261E5CAF00DAB710 /* BottomCardView.swift in Sources */,
				05691186261E5B9A00DAB710 /* CertificatesView.swift in Sources */,
				05CC006E261D45B30094850D /* DesignCodeCourseApp.swift in Sources */,
				05691189261E5BD400DAB710 /* BackCardView.swift in Sources */,
				0569118C261E5C5000DAB710 /* TitleView.swift in Sources */,
			);
			runOnlyForDeploymentPostprocessing = 0;
		};
/* End PBXSourcesBuildPhase section */

/* Begin XCBuildConfiguration section */
		05CC0077261D45B50094850D /* Debug */ = {
			isa = XCBuildConfiguration;
			buildSettings = {
				ALWAYS_SEARCH_USER_PATHS = NO;
				CLANG_ANALYZER_NONNULL = YES;
				CLANG_ANALYZER_NUMBER_OBJECT_CONVERSION = YES_AGGRESSIVE;
				CLANG_CXX_LANGUAGE_STANDARD = "gnu++14";
				CLANG_CXX_LIBRARY = "libc++";
				CLANG_ENABLE_MODULES = YES;
				CLANG_ENABLE_OBJC_ARC = YES;
				CLANG_ENABLE_OBJC_WEAK = YES;
				CLANG_WARN_BLOCK_CAPTURE_AUTORELEASING = YES;
				CLANG_WARN_BOOL_CONVERSION = YES;
				CLANG_WARN_COMMA = YES;
				CLANG_WARN_CONSTANT_CONVERSION = YES;
				CLANG_WARN_DEPRECATED_OBJC_IMPLEMENTATIONS = YES;
				CLANG_WARN_DIRECT_OBJC_ISA_USAGE = YES_ERROR;
				CLANG_WARN_DOCUMENTATION_COMMENTS = YES;
				CLANG_WARN_EMPTY_BODY = YES;
				CLANG_WARN_ENUM_CONVERSION = YES;
				CLANG_WARN_INFINITE_RECURSION = YES;
				CLANG_WARN_INT_CONVERSION = YES;
				CLANG_WARN_NON_LITERAL_NULL_CONVERSION = YES;
				CLANG_WARN_OBJC_IMPLICIT_RETAIN_SELF = YES;
				CLANG_WARN_OBJC_LITERAL_CONVERSION = YES;
				CLANG_WARN_OBJC_ROOT_CLASS = YES_ERROR;
				CLANG_WARN_QUOTED_INCLUDE_IN_FRAMEWORK_HEADER = YES;
				CLANG_WARN_RANGE_LOOP_ANALYSIS = YES;
				CLANG_WARN_STRICT_PROTOTYPES = YES;
				CLANG_WARN_SUSPICIOUS_MOVE = YES;
				CLANG_WARN_UNGUARDED_AVAILABILITY = YES_AGGRESSIVE;
				CLANG_WARN_UNREACHABLE_CODE = YES;
				CLANG_WARN__DUPLICATE_METHOD_MATCH = YES;
				COPY_PHASE_STRIP = NO;
				DEBUG_INFORMATION_FORMAT = dwarf;
				ENABLE_STRICT_OBJC_MSGSEND = YES;
				ENABLE_TESTABILITY = YES;
				GCC_C_LANGUAGE_STANDARD = gnu11;
				GCC_DYNAMIC_NO_PIC = NO;
				GCC_NO_COMMON_BLOCKS = YES;
				GCC_OPTIMIZATION_LEVEL = 0;
				GCC_PREPROCESSOR_DEFINITIONS = (
					"DEBUG=1",
					"$(inherited)",
				);
				GCC_WARN_64_TO_32_BIT_CONVERSION = YES;
				GCC_WARN_ABOUT_RETURN_TYPE = YES_ERROR;
				GCC_WARN_UNDECLARED_SELECTOR = YES;
				GCC_WARN_UNINITIALIZED_AUTOS = YES_AGGRESSIVE;
				GCC_WARN_UNUSED_FUNCTION = YES;
				GCC_WARN_UNUSED_VARIABLE = YES;
				IPHONEOS_DEPLOYMENT_TARGET = 14.4;
				MTL_ENABLE_DEBUG_INFO = INCLUDE_SOURCE;
				MTL_FAST_MATH = YES;
				ONLY_ACTIVE_ARCH = YES;
				SDKROOT = iphoneos;
				SWIFT_ACTIVE_COMPILATION_CONDITIONS = DEBUG;
				SWIFT_OPTIMIZATION_LEVEL = "-Onone";
			};
			name = Debug;
		};
		05CC0078261D45B50094850D /* Release */ = {
			isa = XCBuildConfiguration;
			buildSettings = {
				ALWAYS_SEARCH_USER_PATHS = NO;
				CLANG_ANALYZER_NONNULL = YES;
				CLANG_ANALYZER_NUMBER_OBJECT_CONVERSION = YES_AGGRESSIVE;
				CLANG_CXX_LANGUAGE_STANDARD = "gnu++14";
				CLANG_CXX_LIBRARY = "libc++";
				CLANG_ENABLE_MODULES = YES;
				CLANG_ENABLE_OBJC_ARC = YES;
				CLANG_ENABLE_OBJC_WEAK = YES;
				CLANG_WARN_BLOCK_CAPTURE_AUTORELEASING = YES;
				CLANG_WARN_BOOL_CONVERSION = YES;
				CLANG_WARN_COMMA = YES;
				CLANG_WARN_CONSTANT_CONVERSION = YES;
				CLANG_WARN_DEPRECATED_OBJC_IMPLEMENTATIONS = YES;
				CLANG_WARN_DIRECT_OBJC_ISA_USAGE = YES_ERROR;
				CLANG_WARN_DOCUMENTATION_COMMENTS = YES;
				CLANG_WARN_EMPTY_BODY = YES;
				CLANG_WARN_ENUM_CONVERSION = YES;
				CLANG_WARN_INFINITE_RECURSION = YES;
				CLANG_WARN_INT_CONVERSION = YES;
				CLANG_WARN_NON_LITERAL_NULL_CONVERSION = YES;
				CLANG_WARN_OBJC_IMPLICIT_RETAIN_SELF = YES;
				CLANG_WARN_OBJC_LITERAL_CONVERSION = YES;
				CLANG_WARN_OBJC_ROOT_CLASS = YES_ERROR;
				CLANG_WARN_QUOTED_INCLUDE_IN_FRAMEWORK_HEADER = YES;
				CLANG_WARN_RANGE_LOOP_ANALYSIS = YES;
				CLANG_WARN_STRICT_PROTOTYPES = YES;
				CLANG_WARN_SUSPICIOUS_MOVE = YES;
				CLANG_WARN_UNGUARDED_AVAILABILITY = YES_AGGRESSIVE;
				CLANG_WARN_UNREACHABLE_CODE = YES;
				CLANG_WARN__DUPLICATE_METHOD_MATCH = YES;
				COPY_PHASE_STRIP = NO;
				DEBUG_INFORMATION_FORMAT = "dwarf-with-dsym";
				ENABLE_NS_ASSERTIONS = NO;
				ENABLE_STRICT_OBJC_MSGSEND = YES;
				GCC_C_LANGUAGE_STANDARD = gnu11;
				GCC_NO_COMMON_BLOCKS = YES;
				GCC_WARN_64_TO_32_BIT_CONVERSION = YES;
				GCC_WARN_ABOUT_RETURN_TYPE = YES_ERROR;
				GCC_WARN_UNDECLARED_SELECTOR = YES;
				GCC_WARN_UNINITIALIZED_AUTOS = YES_AGGRESSIVE;
				GCC_WARN_UNUSED_FUNCTION = YES;
				GCC_WARN_UNUSED_VARIABLE = YES;
				IPHONEOS_DEPLOYMENT_TARGET = 14.4;
				MTL_ENABLE_DEBUG_INFO = NO;
				MTL_FAST_MATH = YES;
				SDKROOT = iphoneos;
				SWIFT_COMPILATION_MODE = wholemodule;
				SWIFT_OPTIMIZATION_LEVEL = "-O";
				VALIDATE_PRODUCT = YES;
			};
			name = Release;
		};
		05CC007A261D45B50094850D /* Debug */ = {
			isa = XCBuildConfiguration;
			buildSettings = {
				ASSETCATALOG_COMPILER_APPICON_NAME = AppIcon;
				ASSETCATALOG_COMPILER_GLOBAL_ACCENT_COLOR_NAME = AccentColor;
				CODE_SIGN_STYLE = Automatic;
				DEVELOPMENT_ASSET_PATHS = "\"DesignCodeCourse/Preview Content\"";
				ENABLE_PREVIEWS = YES;
				INFOPLIST_FILE = DesignCodeCourse/Info.plist;
				IPHONEOS_DEPLOYMENT_TARGET = 14.0;
				LD_RUNPATH_SEARCH_PATHS = (
					"$(inherited)",
					"@executable_path/Frameworks",
				);
				PRODUCT_BUNDLE_IDENTIFIER = com.fabirt.DesignCodeCourse;
				PRODUCT_NAME = "$(TARGET_NAME)";
				SWIFT_VERSION = 5.0;
				TARGETED_DEVICE_FAMILY = "1,2";
			};
			name = Debug;
		};
		05CC007B261D45B50094850D /* Release */ = {
			isa = XCBuildConfiguration;
			buildSettings = {
				ASSETCATALOG_COMPILER_APPICON_NAME = AppIcon;
				ASSETCATALOG_COMPILER_GLOBAL_ACCENT_COLOR_NAME = AccentColor;
				CODE_SIGN_STYLE = Automatic;
				DEVELOPMENT_ASSET_PATHS = "\"DesignCodeCourse/Preview Content\"";
				ENABLE_PREVIEWS = YES;
				INFOPLIST_FILE = DesignCodeCourse/Info.plist;
				IPHONEOS_DEPLOYMENT_TARGET = 14.0;
				LD_RUNPATH_SEARCH_PATHS = (
					"$(inherited)",
					"@executable_path/Frameworks",
				);
				PRODUCT_BUNDLE_IDENTIFIER = com.fabirt.DesignCodeCourse;
				PRODUCT_NAME = "$(TARGET_NAME)";
				SWIFT_VERSION = 5.0;
				TARGETED_DEVICE_FAMILY = "1,2";
			};
			name = Release;
		};
/* End XCBuildConfiguration section */

/* Begin XCConfigurationList section */
		05CC0065261D45B30094850D /* Build configuration list for PBXProject "DesignCodeCourse" */ = {
			isa = XCConfigurationList;
			buildConfigurations = (
				05CC0077261D45B50094850D /* Debug */,
				05CC0078261D45B50094850D /* Release */,
			);
			defaultConfigurationIsVisible = 0;
			defaultConfigurationName = Release;
		};
		05CC0079261D45B50094850D /* Build configuration list for PBXNativeTarget "DesignCodeCourse" */ = {
			isa = XCConfigurationList;
			buildConfigurations = (
				05CC007A261D45B50094850D /* Debug */,
				05CC007B261D45B50094850D /* Release */,
			);
			defaultConfigurationIsVisible = 0;
			defaultConfigurationName = Release;
		};
/* End XCConfigurationList section */
	};
	rootObject = 05CC0062261D45B30094850D /* Project object */;
}
